// !$*UTF8*$!
{
	archiveVersion = 1;
	classes = {
	};
	objectVersion = 46;
	objects = {

/* Begin PBXBuildFile section */
		F2BF32421AC2141700616B10 /* main.m in Sources */ = {isa = PBXBuildFile; fileRef = F2BF32411AC2141700616B10 /* main.m */; };
		F2BF32451AC2141700616B10 /* AppDelegate.m in Sources */ = {isa = PBXBuildFile; fileRef = F2BF32441AC2141700616B10 /* AppDelegate.m */; };
		F2BF32481AC2141700616B10 /* MapViewController.m in Sources */ = {isa = PBXBuildFile; fileRef = F2BF32471AC2141700616B10 /* MapViewController.m */; };
		F2BF324B1AC2141700616B10 /* Main.storyboard in Resources */ = {isa = PBXBuildFile; fileRef = F2BF32491AC2141700616B10 /* Main.storyboard */; };
		F2BF324D1AC2141700616B10 /* Images.xcassets in Resources */ = {isa = PBXBuildFile; fileRef = F2BF324C1AC2141700616B10 /* Images.xcassets */; };
		F2BF32501AC2141700616B10 /* LaunchScreen.xib in Resources */ = {isa = PBXBuildFile; fileRef = F2BF324E1AC2141700616B10 /* LaunchScreen.xib */; };
		F2BF325C1AC2141700616B10 /* GetOnThatBusTests.m in Sources */ = {isa = PBXBuildFile; fileRef = F2BF325B1AC2141700616B10 /* GetOnThatBusTests.m */; };
		F2BF32661AC214EB00616B10 /* MapKit.framework in Frameworks */ = {isa = PBXBuildFile; fileRef = F2BF32651AC214EB00616B10 /* MapKit.framework */; };
		F2BF32691AC217A600616B10 /* BusStop.m in Sources */ = {isa = PBXBuildFile; fileRef = F2BF32681AC217A600616B10 /* BusStop.m */; };
		F2BF326C1AC2291E00616B10 /* BusStopDownloader.m in Sources */ = {isa = PBXBuildFile; fileRef = F2BF326B1AC2291E00616B10 /* BusStopDownloader.m */; };
/* End PBXBuildFile section */

/* Begin PBXContainerItemProxy section */
		F2BF32561AC2141700616B10 /* PBXContainerItemProxy */ = {
			isa = PBXContainerItemProxy;
			containerPortal = F2BF32341AC2141700616B10 /* Project object */;
			proxyType = 1;
			remoteGlobalIDString = F2BF323B1AC2141700616B10;
			remoteInfo = GetOnThatBus;
		};
/* End PBXContainerItemProxy section */

/* Begin PBXFileReference section */
		F2BF323C1AC2141700616B10 /* GetOnThatBus.app */ = {isa = PBXFileReference; explicitFileType = wrapper.application; includeInIndex = 0; path = GetOnThatBus.app; sourceTree = BUILT_PRODUCTS_DIR; };
		F2BF32401AC2141700616B10 /* Info.plist */ = {isa = PBXFileReference; lastKnownFileType = text.plist.xml; path = Info.plist; sourceTree = "<group>"; };
		F2BF32411AC2141700616B10 /* main.m */ = {isa = PBXFileReference; lastKnownFileType = sourcecode.c.objc; path = main.m; sourceTree = "<group>"; };
		F2BF32431AC2141700616B10 /* AppDelegate.h */ = {isa = PBXFileReference; lastKnownFileType = sourcecode.c.h; path = AppDelegate.h; sourceTree = "<group>"; };
		F2BF32441AC2141700616B10 /* AppDelegate.m */ = {isa = PBXFileReference; lastKnownFileType = sourcecode.c.objc; path = AppDelegate.m; sourceTree = "<group>"; };
		F2BF32461AC2141700616B10 /* MapViewController.h */ = {isa = PBXFileReference; lastKnownFileType = sourcecode.c.h; path = MapViewController.h; sourceTree = "<group>"; };
		F2BF32471AC2141700616B10 /* MapViewController.m */ = {isa = PBXFileReference; lastKnownFileType = sourcecode.c.objc; path = MapViewController.m; sourceTree = "<group>"; };
		F2BF324A1AC2141700616B10 /* Base */ = {isa = PBXFileReference; lastKnownFileType = file.storyboard; name = Base; path = Base.lproj/Main.storyboard; sourceTree = "<group>"; };
		F2BF324C1AC2141700616B10 /* Images.xcassets */ = {isa = PBXFileReference; lastKnownFileType = folder.assetcatalog; path = Images.xcassets; sourceTree = "<group>"; };
		F2BF324F1AC2141700616B10 /* Base */ = {isa = PBXFileReference; lastKnownFileType = file.xib; name = Base; path = Base.lproj/LaunchScreen.xib; sourceTree = "<group>"; };
		F2BF32551AC2141700616B10 /* GetOnThatBusTests.xctest */ = {isa = PBXFileReference; explicitFileType = wrapper.cfbundle; includeInIndex = 0; path = GetOnThatBusTests.xctest; sourceTree = BUILT_PRODUCTS_DIR; };
		F2BF325A1AC2141700616B10 /* Info.plist */ = {isa = PBXFileReference; lastKnownFileType = text.plist.xml; path = Info.plist; sourceTree = "<group>"; };
		F2BF325B1AC2141700616B10 /* GetOnThatBusTests.m */ = {isa = PBXFileReference; lastKnownFileType = sourcecode.c.objc; path = GetOnThatBusTests.m; sourceTree = "<group>"; };
		F2BF32651AC214EB00616B10 /* MapKit.framework */ = {isa = PBXFileReference; lastKnownFileType = wrapper.framework; name = MapKit.framework; path = System/Library/Frameworks/MapKit.framework; sourceTree = SDKROOT; };
		F2BF32671AC217A600616B10 /* BusStop.h */ = {isa = PBXFileReference; fileEncoding = 4; lastKnownFileType = sourcecode.c.h; path = BusStop.h; sourceTree = "<group>"; };
		F2BF32681AC217A600616B10 /* BusStop.m */ = {isa = PBXFileReference; fileEncoding = 4; lastKnownFileType = sourcecode.c.objc; path = BusStop.m; sourceTree = "<group>"; };
		F2BF326A1AC2291E00616B10 /* BusStopDownloader.h */ = {isa = PBXFileReference; fileEncoding = 4; lastKnownFileType = sourcecode.c.h; path = BusStopDownloader.h; sourceTree = "<group>"; };
		F2BF326B1AC2291E00616B10 /* BusStopDownloader.m */ = {isa = PBXFileReference; fileEncoding = 4; lastKnownFileType = sourcecode.c.objc; path = BusStopDownloader.m; sourceTree = "<group>"; };
/* End PBXFileReference section */

/* Begin PBXFrameworksBuildPhase section */
		F2BF32391AC2141700616B10 /* Frameworks */ = {
			isa = PBXFrameworksBuildPhase;
			buildActionMask = 2147483647;
			files = (
				F2BF32661AC214EB00616B10 /* MapKit.framework in Frameworks */,
			);
			runOnlyForDeploymentPostprocessing = 0;
		};
		F2BF32521AC2141700616B10 /* Frameworks */ = {
			isa = PBXFrameworksBuildPhase;
			buildActionMask = 2147483647;
			files = (
			);
			runOnlyForDeploymentPostprocessing = 0;
		};
/* End PBXFrameworksBuildPhase section */

/* Begin PBXGroup section */
		F2BF32331AC2141700616B10 = {
			isa = PBXGroup;
			children = (
				F2BF32651AC214EB00616B10 /* MapKit.framework */,
				F2BF323E1AC2141700616B10 /* GetOnThatBus */,
				F2BF32581AC2141700616B10 /* GetOnThatBusTests */,
				F2BF323D1AC2141700616B10 /* Products */,
			);
			sourceTree = "<group>";
		};
		F2BF323D1AC2141700616B10 /* Products */ = {
			isa = PBXGroup;
			children = (
				F2BF323C1AC2141700616B10 /* GetOnThatBus.app */,
				F2BF32551AC2141700616B10 /* GetOnThatBusTests.xctest */,
			);
			name = Products;
			sourceTree = "<group>";
		};
		F2BF323E1AC2141700616B10 /* GetOnThatBus */ = {
			isa = PBXGroup;
			children = (
				F2BF32431AC2141700616B10 /* AppDelegate.h */,
				F2BF32441AC2141700616B10 /* AppDelegate.m */,
				F2BF32461AC2141700616B10 /* MapViewController.h */,
				F2BF32471AC2141700616B10 /* MapViewController.m */,
				F2BF32671AC217A600616B10 /* BusStop.h */,
				F2BF32681AC217A600616B10 /* BusStop.m */,
				F2BF326A1AC2291E00616B10 /* BusStopDownloader.h */,
				F2BF326B1AC2291E00616B10 /* BusStopDownloader.m */,
				F2BF32491AC2141700616B10 /* Main.storyboard */,
				F2BF324C1AC2141700616B10 /* Images.xcassets */,
				F2BF324E1AC2141700616B10 /* LaunchScreen.xib */,
				F2BF323F1AC2141700616B10 /* Supporting Files */,
			);
			path = GetOnThatBus;
			sourceTree = "<group>";
		};
		F2BF323F1AC2141700616B10 /* Supporting Files */ = {
			isa = PBXGroup;
			children = (
				F2BF32401AC2141700616B10 /* Info.plist */,
				F2BF32411AC2141700616B10 /* main.m */,
			);
			name = "Supporting Files";
			sourceTree = "<group>";
		};
		F2BF32581AC2141700616B10 /* GetOnThatBusTests */ = {
			isa = PBXGroup;
			children = (
				F2BF325B1AC2141700616B10 /* GetOnThatBusTests.m */,
				F2BF32591AC2141700616B10 /* Supporting Files */,
			);
			path = GetOnThatBusTests;
			sourceTree = "<group>";
		};
		F2BF32591AC2141700616B10 /* Supporting Files */ = {
			isa = PBXGroup;
			children = (
				F2BF325A1AC2141700616B10 /* Info.plist */,
			);
			name = "Supporting Files";
			sourceTree = "<group>";
		};
/* End PBXGroup section */

/* Begin PBXNativeTarget section */
		F2BF323B1AC2141700616B10 /* GetOnThatBus */ = {
			isa = PBXNativeTarget;
			buildConfigurationList = F2BF325F1AC2141700616B10 /* Build configuration list for PBXNativeTarget "GetOnThatBus" */;
			buildPhases = (
				F2BF32381AC2141700616B10 /* Sources */,
				F2BF32391AC2141700616B10 /* Frameworks */,
				F2BF323A1AC2141700616B10 /* Resources */,
			);
			buildRules = (
			);
			dependencies = (
			);
			name = GetOnThatBus;
			productName = GetOnThatBus;
			productReference = F2BF323C1AC2141700616B10 /* GetOnThatBus.app */;
			productType = "com.apple.product-type.application";
		};
		F2BF32541AC2141700616B10 /* GetOnThatBusTests */ = {
			isa = PBXNativeTarget;
			buildConfigurationList = F2BF32621AC2141700616B10 /* Build configuration list for PBXNativeTarget "GetOnThatBusTests" */;
			buildPhases = (
				F2BF32511AC2141700616B10 /* Sources */,
				F2BF32521AC2141700616B10 /* Frameworks */,
				F2BF32531AC2141700616B10 /* Resources */,
			);
			buildRules = (
			);
			dependencies = (
				F2BF32571AC2141700616B10 /* PBXTargetDependency */,
			);
			name = GetOnThatBusTests;
			productName = GetOnThatBusTests;
			productReference = F2BF32551AC2141700616B10 /* GetOnThatBusTests.xctest */;
			productType = "com.apple.product-type.bundle.unit-test";
		};
/* End PBXNativeTarget section */

/* Begin PBXProject section */
		F2BF32341AC2141700616B10 /* Project object */ = {
			isa = PBXProject;
			attributes = {
				LastUpgradeCheck = 0620;
				ORGANIZATIONNAME = Ron;
				TargetAttributes = {
					F2BF323B1AC2141700616B10 = {
						CreatedOnToolsVersion = 6.2;
					};
					F2BF32541AC2141700616B10 = {
						CreatedOnToolsVersion = 6.2;
						TestTargetID = F2BF323B1AC2141700616B10;
					};
				};
			};
			buildConfigurationList = F2BF32371AC2141700616B10 /* Build configuration list for PBXProject "GetOnThatBus" */;
			compatibilityVersion = "Xcode 3.2";
			developmentRegion = English;
			hasScannedForEncodings = 0;
			knownRegions = (
				en,
				Base,
			);
			mainGroup = F2BF32331AC2141700616B10;
			productRefGroup = F2BF323D1AC2141700616B10 /* Products */;
			projectDirPath = "";
			projectRoot = "";
			targets = (
				F2BF323B1AC2141700616B10 /* GetOnThatBus */,
				F2BF32541AC2141700616B10 /* GetOnThatBusTests */,
			);
		};
/* End PBXProject section */

/* Begin PBXResourcesBuildPhase section */
		F2BF323A1AC2141700616B10 /* Resources */ = {
			isa = PBXResourcesBuildPhase;
			buildActionMask = 2147483647;
			files = (
				F2BF324B1AC2141700616B10 /* Main.storyboard in Resources */,
				F2BF32501AC2141700616B10 /* LaunchScreen.xib in Resources */,
				F2BF324D1AC2141700616B10 /* Images.xcassets in Resources */,
			);
			runOnlyForDeploymentPostprocessing = 0;
		};
		F2BF32531AC2141700616B10 /* Resources */ = {
			isa = PBXResourcesBuildPhase;
			buildActionMask = 2147483647;
			files = (
			);
			runOnlyForDeploymentPostprocessing = 0;
		};
/* End PBXResourcesBuildPhase section */

/* Begin PBXSourcesBuildPhase section */
		F2BF32381AC2141700616B10 /* Sources */ = {
			isa = PBXSourcesBuildPhase;
			buildActionMask = 2147483647;
			files = (
				F2BF32691AC217A600616B10 /* BusStop.m in Sources */,
				F2BF326C1AC2291E00616B10 /* BusStopDownloader.m in Sources */,
				F2BF32481AC2141700616B10 /* MapViewController.m in Sources */,
				F2BF32451AC2141700616B10 /* AppDelegate.m in Sources */,
				F2BF32421AC2141700616B10 /* main.m in Sources */,
			);
			runOnlyForDeploymentPostprocessing = 0;
		};
		F2BF32511AC2141700616B10 /* Sources */ = {
			isa = PBXSourcesBuildPhase;
			buildActionMask = 2147483647;
			files = (
				F2BF325C1AC2141700616B10 /* GetOnThatBusTests.m in Sources */,
			);
			runOnlyForDeploymentPostprocessing = 0;
		};
/* End PBXSourcesBuildPhase section */

/* Begin PBXTargetDependency section */
		F2BF32571AC2141700616B10 /* PBXTargetDependency */ = {
			isa = PBXTargetDependency;
			target = F2BF323B1AC2141700616B10 /* GetOnThatBus */;
			targetProxy = F2BF32561AC2141700616B10 /* PBXContainerItemProxy */;
		};
/* End PBXTargetDependency section */

/* Begin PBXVariantGroup section */
		F2BF32491AC2141700616B10 /* Main.storyboard */ = {
			isa = PBXVariantGroup;
			children = (
				F2BF324A1AC2141700616B10 /* Base */,
			);
			name = Main.storyboard;
			sourceTree = "<group>";
		};
		F2BF324E1AC2141700616B10 /* LaunchScreen.xib */ = {
			isa = PBXVariantGroup;
			children = (
				F2BF324F1AC2141700616B10 /* Base */,
			);
			name = LaunchScreen.xib;
			sourceTree = "<group>";
		};
/* End PBXVariantGroup section */

/* Begin XCBuildConfiguration section */
		F2BF325D1AC2141700616B10 /* Debug */ = {
			isa = XCBuildConfiguration;
			buildSettings = {
				ALWAYS_SEARCH_USER_PATHS = NO;
				CLANG_CXX_LANGUAGE_STANDARD = "gnu++0x";
				CLANG_CXX_LIBRARY = "libc++";
				CLANG_ENABLE_MODULES = YES;
				CLANG_ENABLE_OBJC_ARC = YES;
				CLANG_WARN_BOOL_CONVERSION = YES;
				CLANG_WARN_CONSTANT_CONVERSION = YES;
				CLANG_WARN_DIRECT_OBJC_ISA_USAGE = YES_ERROR;
				CLANG_WARN_EMPTY_BODY = YES;
				CLANG_WARN_ENUM_CONVERSION = YES;
				CLANG_WARN_INT_CONVERSION = YES;
				CLANG_WARN_OBJC_ROOT_CLASS = YES_ERROR;
				CLANG_WARN_UNREACHABLE_CODE = YES;
				CLANG_WARN__DUPLICATE_METHOD_MATCH = YES;
				"CODE_SIGN_IDENTITY[sdk=iphoneos*]" = "iPhone Developer";
				COPY_PHASE_STRIP = NO;
				ENABLE_STRICT_OBJC_MSGSEND = YES;
				GCC_C_LANGUAGE_STANDARD = gnu99;
				GCC_DYNAMIC_NO_PIC = NO;
				GCC_OPTIMIZATION_LEVEL = 0;
				GCC_PREPROCESSOR_DEFINITIONS = (
					"DEBUG=1",
					"$(inherited)",
				);
				GCC_SYMBOLS_PRIVATE_EXTERN = NO;
				GCC_WARN_64_TO_32_BIT_CONVERSION = YES;
				GCC_WARN_ABOUT_RETURN_TYPE = YES_ERROR;
				GCC_WARN_UNDECLARED_SELECTOR = YES;
				GCC_WARN_UNINITIALIZED_AUTOS = YES_AGGRESSIVE;
				GCC_WARN_UNUSED_FUNCTION = YES;
				GCC_WARN_UNUSED_VARIABLE = YES;
				IPHONEOS_DEPLOYMENT_TARGET = 8.2;
				MTL_ENABLE_DEBUG_INFO = YES;
				ONLY_ACTIVE_ARCH = YES;
				SDKROOT = iphoneos;
			};
			name = Debug;
		};
		F2BF325E1AC2141700616B10 /* Release */ = {
			isa = XCBuildConfiguration;
			buildSettings = {
				ALWAYS_SEARCH_USER_PATHS = NO;
				CLANG_CXX_LANGUAGE_STANDARD = "gnu++0x";
				CLANG_CXX_LIBRARY = "libc++";
				CLANG_ENABLE_MODULES = YES;
				CLANG_ENABLE_OBJC_ARC = YES;
				CLANG_WARN_BOOL_CONVERSION = YES;
				CLANG_WARN_CONSTANT_CONVERSION = YES;
				CLANG_WARN_DIRECT_OBJC_ISA_USAGE = YES_ERROR;
				CLANG_WARN_EMPTY_BODY = YES;
				CLANG_WARN_ENUM_CONVERSION = YES;
				CLANG_WARN_INT_CONVERSION = YES;
				CLANG_WARN_OBJC_ROOT_CLASS = YES_ERROR;
				CLANG_WARN_UNREACHABLE_CODE = YES;
				CLANG_WARN__DUPLICATE_METHOD_MATCH = YES;
				"CODE_SIGN_IDENTITY[sdk=iphoneos*]" = "iPhone Developer";
				COPY_PHASE_STRIP = NO;
				ENABLE_NS_ASSERTIONS = NO;
				ENABLE_STRICT_OBJC_MSGSEND = YES;
				GCC_C_LANGUAGE_STANDARD = gnu99;
				GCC_WARN_64_TO_32_BIT_CONVERSION = YES;
				GCC_WARN_ABOUT_RETURN_TYPE = YES_ERROR;
				GCC_WARN_UNDECLARED_SELECTOR = YES;
				GCC_WARN_UNINITIALIZED_AUTOS = YES_AGGRESSIVE;
				GCC_WARN_UNUSED_FUNCTION = YES;
				GCC_WARN_UNUSED_VARIABLE = YES;
				IPHONEOS_DEPLOYMENT_TARGET = 8.2;
				MTL_ENABLE_DEBUG_INFO = NO;
				SDKROOT = iphoneos;
				VALIDATE_PRODUCT = YES;
			};
			name = Release;
		};
		F2BF32601AC2141700616B10 /* Debug */ = {
			isa = XCBuildConfiguration;
			buildSettings = {
				ASSETCATALOG_COMPILER_APPICON_NAME = AppIcon;
				INFOPLIST_FILE = GetOnThatBus/Info.plist;
				LD_RUNPATH_SEARCH_PATHS = "$(inherited) @executable_path/Frameworks";
				PRODUCT_NAME = "$(TARGET_NAME)";
			};
			name = Debug;
		};
		F2BF32611AC2141700616B10 /* Release */ = {
			isa = XCBuildConfiguration;
			buildSettings = {
				ASSETCATALOG_COMPILER_APPICON_NAME = AppIcon;
				INFOPLIST_FILE = GetOnThatBus/Info.plist;
				LD_RUNPATH_SEARCH_PATHS = "$(inherited) @executable_path/Frameworks";
				PRODUCT_NAME = "$(TARGET_NAME)";
			};
			name = Release;
		};
		F2BF32631AC2141700616B10 /* Debug */ = {
			isa = XCBuildConfiguration;
			buildSettings = {
				BUNDLE_LOADER = "$(TEST_HOST)";
				FRAMEWORK_SEARCH_PATHS = (
					"$(SDKROOT)/Developer/Library/Frameworks",
					"$(inherited)",
				);
				GCC_PREPROCESSOR_DEFINITIONS = (
					"DEBUG=1",
					"$(inherited)",
				);
				INFOPLIST_FILE = GetOnThatBusTests/Info.plist;
				LD_RUNPATH_SEARCH_PATHS = "$(inherited) @executable_path/Frameworks @loader_path/Frameworks";
				PRODUCT_NAME = "$(TARGET_NAME)";
				TEST_HOST = "$(BUILT_PRODUCTS_DIR)/GetOnThatBus.app/GetOnThatBus";
			};
			name = Debug;
		};
		F2BF32641AC2141700616B10 /* Release */ = {
			isa = XCBuildConfiguration;
			buildSettings = {
				BUNDLE_LOADER = "$(TEST_HOST)";
				FRAMEWORK_SEARCH_PATHS = (
					"$(SDKROOT)/Developer/Library/Frameworks",
					"$(inherited)",
				);
				INFOPLIST_FILE = GetOnThatBusTests/Info.plist;
				LD_RUNPATH_SEARCH_PATHS = "$(inherited) @executable_path/Frameworks @loader_path/Frameworks";
				PRODUCT_NAME = "$(TARGET_NAME)";
				TEST_HOST = "$(BUILT_PRODUCTS_DIR)/GetOnThatBus.app/GetOnThatBus";
			};
			name = Release;
		};
/* End XCBuildConfiguration section */

/* Begin XCConfigurationList section */
		F2BF32371AC2141700616B10 /* Build configuration list for PBXProject "GetOnThatBus" */ = {
			isa = XCConfigurationList;
			buildConfigurations = (
				F2BF325D1AC2141700616B10 /* Debug */,
				F2BF325E1AC2141700616B10 /* Release */,
			);
			defaultConfigurationIsVisible = 0;
			defaultConfigurationName = Release;
		};
		F2BF325F1AC2141700616B10 /* Build configuration list for PBXNativeTarget "GetOnThatBus" */ = {
			isa = XCConfigurationList;
			buildConfigurations = (
				F2BF32601AC2141700616B10 /* Debug */,
				F2BF32611AC2141700616B10 /* Release */,
			);
			defaultConfigurationIsVisible = 0;
		};
		F2BF32621AC2141700616B10 /* Build configuration list for PBXNativeTarget "GetOnThatBusTests" */ = {
			isa = XCConfigurationList;
			buildConfigurations = (
				F2BF32631AC2141700616B10 /* Debug */,
				F2BF32641AC2141700616B10 /* Release */,
			);
			defaultConfigurationIsVisible = 0;
		};
/* End XCConfigurationList section */
	};
	rootObject = F2BF32341AC2141700616B10 /* Project object */;
}
